
Microsoft Visual Studio Solution File, Format Version 12.00
# Visual Studio Version 17
VisualStudioVersion = 17.13.35806.99
MinimumVisualStudioVersion = 10.0.40219.1
Project("{FAE04EC0-301F-11D3-BF4B-00C04F79EFBC}") = "password_manager.client", "password_manager.client\password_manager.client.csproj", "{0BB886B0-FDB3-4044-8320-E0B2311B8C82}"
EndProject
Project("{FAE04EC0-301F-11D3-BF4B-00C04F79EFBC}") = "password_manager.server", "password_manager.server\password_manager.server.csproj", "{3524DBFE-7474-4C5D-8FE4-535388B7E503}"
EndProject
Project("{2150E333-8FDC-42A3-9474-1A3956D46DE8}") = "client", "client", "{36D591C7-65C7-A0D1-1CBC-10CDE441BDC8}"
EndProject
Project("{2150E333-8FDC-42A3-9474-1A3956D46DE8}") = "server", "server", "{0222FA5C-1EF1-47C4-8771-B6442B0DCE85}"
EndProject
Project("{FAE04EC0-301F-11D3-BF4B-00C04F79EFBC}") = "password_manager.client_message_handler", "password_manager.client_exception_handler\password_manager.client_message_handler.csproj", "{960B85A2-9258-4A32-A10D-A5D2DD0E975E}"
EndProject
Project("{FAE04EC0-301F-11D3-BF4B-00C04F79EFBC}") = "password_manager.tcp_modules", "password_manager.tcp_modules\password_manager.tcp_modules.csproj", "{E6DCBFA6-72BE-4E08-A0C8-27D19356F743}"
EndProject
Global
	GlobalSection(SolutionConfigurationPlatforms) = preSolution
		Debug|Any CPU = Debug|Any CPU
		Release|Any CPU = Release|Any CPU
	EndGlobalSection
	GlobalSection(ProjectConfigurationPlatforms) = postSolution
		{0BB886B0-FDB3-4044-8320-E0B2311B8C82}.Debug|Any CPU.ActiveCfg = Debug|Any CPU
		{0BB886B0-FDB3-4044-8320-E0B2311B8C82}.Debug|Any CPU.Build.0 = Debug|Any CPU
		{0BB886B0-FDB3-4044-8320-E0B2311B8C82}.Release|Any CPU.ActiveCfg = Release|Any CPU
		{0BB886B0-FDB3-4044-8320-E0B2311B8C82}.Release|Any CPU.Build.0 = Release|Any CPU
		{3524DBFE-7474-4C5D-8FE4-535388B7E503}.Debug|Any CPU.ActiveCfg = Debug|Any CPU
		{3524DBFE-7474-4C5D-8FE4-535388B7E503}.Debug|Any CPU.Build.0 = Debug|Any CPU
		{3524DBFE-7474-4C5D-8FE4-535388B7E503}.Release|Any CPU.ActiveCfg = Release|Any CPU
		{3524DBFE-7474-4C5D-8FE4-535388B7E503}.Release|Any CPU.Build.0 = Release|Any CPU
		{960B85A2-9258-4A32-A10D-A5D2DD0E975E}.Debug|Any CPU.ActiveCfg = Debug|Any CPU
		{960B85A2-9258-4A32-A10D-A5D2DD0E975E}.Debug|Any CPU.Build.0 = Debug|Any CPU
		{960B85A2-9258-4A32-A10D-A5D2DD0E975E}.Release|Any CPU.ActiveCfg = Release|Any CPU
		{960B85A2-9258-4A32-A10D-A5D2DD0E975E}.Release|Any CPU.Build.0 = Release|Any CPU
		{E6DCBFA6-72BE-4E08-A0C8-27D19356F743}.Debug|Any CPU.ActiveCfg = Debug|Any CPU
		{E6DCBFA6-72BE-4E08-A0C8-27D19356F743}.Debug|Any CPU.Build.0 = Debug|Any CPU
		{E6DCBFA6-72BE-4E08-A0C8-27D19356F743}.Release|Any CPU.ActiveCfg = Release|Any CPU
		{E6DCBFA6-72BE-4E08-A0C8-27D19356F743}.Release|Any CPU.Build.0 = Release|Any CPU
	EndGlobalSection
	GlobalSection(SolutionProperties) = preSolution
		HideSolutionNode = FALSE
	EndGlobalSection
	GlobalSection(NestedProjects) = preSolution
		{0BB886B0-FDB3-4044-8320-E0B2311B8C82} = {36D591C7-65C7-A0D1-1CBC-10CDE441BDC8}
		{3524DBFE-7474-4C5D-8FE4-535388B7E503} = {0222FA5C-1EF1-47C4-8771-B6442B0DCE85}
		{960B85A2-9258-4A32-A10D-A5D2DD0E975E} = {36D591C7-65C7-A0D1-1CBC-10CDE441BDC8}
		{E6DCBFA6-72BE-4E08-A0C8-27D19356F743} = {0222FA5C-1EF1-47C4-8771-B6442B0DCE85}
	EndGlobalSection
	GlobalSection(ExtensibilityGlobals) = postSolution
		SolutionGuid = {CE67E34C-EEC4-418F-84AC-AA8A11647245}
	EndGlobalSection
EndGlobal
